
Microsoft Visual Studio Solution File, Format Version 12.00
# Visual Studio 14
VisualStudioVersion = 14.0.25420.1
MinimumVisualStudioVersion = 10.0.40219.1
Project("{FAE04EC0-301F-11D3-BF4B-00C04F79EFBC}") = "TDD9_Homework02", "TDD9_Homework02\TDD9_Homework02.csproj", "{2CA4AC42-0617-49B1-B808-0A37696C443D}"
EndProject
Project("{FAE04EC0-301F-11D3-BF4B-00C04F79EFBC}") = "TDD9_Homework02Tests", "TDD9_Homework02Tests\TDD9_Homework02Tests.csproj", "{A6E7E89D-1F7F-4D1B-B3E9-2683CD9C96FA}"
EndProject
Global
	GlobalSection(SolutionConfigurationPlatforms) = preSolution
		Debug|Any CPU = Debug|Any CPU
		Release|Any CPU = Release|Any CPU
	EndGlobalSection
	GlobalSection(ProjectConfigurationPlatforms) = postSolution
		{2CA4AC42-0617-49B1-B808-0A37696C443D}.Debug|Any CPU.ActiveCfg = Debug|Any CPU
		{2CA4AC42-0617-49B1-B808-0A37696C443D}.Debug|Any CPU.Build.0 = Debug|Any CPU
		{2CA4AC42-0617-49B1-B808-0A37696C443D}.Release|Any CPU.ActiveCfg = Release|Any CPU
		{2CA4AC42-0617-49B1-B808-0A37696C443D}.Release|Any CPU.Build.0 = Release|Any CPU
		{A6E7E89D-1F7F-4D1B-B3E9-2683CD9C96FA}.Debug|Any CPU.ActiveCfg = Debug|Any CPU
		{A6E7E89D-1F7F-4D1B-B3E9-2683CD9C96FA}.Debug|Any CPU.Build.0 = Debug|Any CPU
		{A6E7E89D-1F7F-4D1B-B3E9-2683CD9C96FA}.Release|Any CPU.ActiveCfg = Release|Any CPU
		{A6E7E89D-1F7F-4D1B-B3E9-2683CD9C96FA}.Release|Any CPU.Build.0 = Release|Any CPU
	EndGlobalSection
	GlobalSection(SolutionProperties) = preSolution
		HideSolutionNode = FALSE
	EndGlobalSection
EndGlobal
